
Microsoft Visual Studio Solution File, Format Version 12.00
# Visual Studio 15
VisualStudioVersion = 15.0.27004.2010
MinimumVisualStudioVersion = 10.0.40219.1
Project("{FAE04EC0-301F-11D3-BF4B-00C04F79EFBC}") = "ModToolsImport", "ModToolsImport\ModToolsImport.csproj", "{CA7C971C-154A-4CA2-9DBD-5DE010ADCC8A}"
EndProject
Global
	GlobalSection(SolutionConfigurationPlatforms) = preSolution
		Debug|Any CPU = Debug|Any CPU
		Release|Any CPU = Release|Any CPU
	EndGlobalSection
	GlobalSection(ProjectConfigurationPlatforms) = postSolution
		{CA7C971C-154A-4CA2-9DBD-5DE010ADCC8A}.Debug|Any CPU.ActiveCfg = Debug|Any CPU
		{CA7C971C-154A-4CA2-9DBD-5DE010ADCC8A}.Debug|Any CPU.Build.0 = Debug|Any CPU
		{CA7C971C-154A-4CA2-9DBD-5DE010ADCC8A}.Release|Any CPU.ActiveCfg = Release|Any CPU
		{CA7C971C-154A-4CA2-9DBD-5DE010ADCC8A}.Release|Any CPU.Build.0 = Release|Any CPU
	EndGlobalSection
	GlobalSection(SolutionProperties) = preSolution
		HideSolutionNode = FALSE
	EndGlobalSection
	GlobalSection(ExtensibilityGlobals) = postSolution
		SolutionGuid = {5486EA91-8F42-42D3-BC18-E5B2957B56F0}
	EndGlobalSection
EndGlobal
